
Microsoft Visual Studio Solution File, Format Version 12.00
# Visual Studio Version 16
VisualStudioVersion = 16.0.28803.202
MinimumVisualStudioVersion = 10.0.40219.1
Project("{FAE04EC0-301F-11D3-BF4B-00C04F79EFBC}") = "MasSort", "MasSort\MasSort.csproj", "{272FE3AA-F66A-43DE-B5F7-C17E9A40C05A}"
EndProject
Global
	GlobalSection(SolutionConfigurationPlatforms) = preSolution
		Debug|Any CPU = Debug|Any CPU
		Release|Any CPU = Release|Any CPU
	EndGlobalSection
	GlobalSection(ProjectConfigurationPlatforms) = postSolution
		{272FE3AA-F66A-43DE-B5F7-C17E9A40C05A}.Debug|Any CPU.ActiveCfg = Debug|Any CPU
		{272FE3AA-F66A-43DE-B5F7-C17E9A40C05A}.Debug|Any CPU.Build.0 = Debug|Any CPU
		{272FE3AA-F66A-43DE-B5F7-C17E9A40C05A}.Release|Any CPU.ActiveCfg = Release|Any CPU
		{272FE3AA-F66A-43DE-B5F7-C17E9A40C05A}.Release|Any CPU.Build.0 = Release|Any CPU
	EndGlobalSection
	GlobalSection(SolutionProperties) = preSolution
		HideSolutionNode = FALSE
	EndGlobalSection
	GlobalSection(ExtensibilityGlobals) = postSolution
		SolutionGuid = {C640CEE1-36D5-411B-8375-A720A8D28E69}
	EndGlobalSection
EndGlobal
